
Microsoft Visual Studio Solution File, Format Version 12.00
# Visual Studio Version 16
VisualStudioVersion = 16.0.35731.53
MinimumVisualStudioVersion = 10.0.40219.1
Project("{FAE04EC0-301F-11D3-BF4B-00C04F79EFBC}") = "maioroumenorquedez", "maioroumenorquedez.csproj", "{C39C2CD1-22A7-43E3-8380-DE023B7CAD6B}"
EndProject
Global
	GlobalSection(SolutionConfigurationPlatforms) = preSolution
		Debug|Any CPU = Debug|Any CPU
		Release|Any CPU = Release|Any CPU
	EndGlobalSection
	GlobalSection(ProjectConfigurationPlatforms) = postSolution
		{C39C2CD1-22A7-43E3-8380-DE023B7CAD6B}.Debug|Any CPU.ActiveCfg = Debug|Any CPU
		{C39C2CD1-22A7-43E3-8380-DE023B7CAD6B}.Debug|Any CPU.Build.0 = Debug|Any CPU
		{C39C2CD1-22A7-43E3-8380-DE023B7CAD6B}.Release|Any CPU.ActiveCfg = Release|Any CPU
		{C39C2CD1-22A7-43E3-8380-DE023B7CAD6B}.Release|Any CPU.Build.0 = Release|Any CPU
	EndGlobalSection
	GlobalSection(SolutionProperties) = preSolution
		HideSolutionNode = FALSE
	EndGlobalSection
	GlobalSection(ExtensibilityGlobals) = postSolution
		SolutionGuid = {7C4C6443-B3A7-4AA1-9FCE-7E1076413FA9}
	EndGlobalSection
EndGlobal
